// !$*UTF8*$!
{
	archiveVersion = 1;
	classes = {
	};
	objectVersion = 55;
	objects = {

/* Begin PBXBuildFile section */
		936DFD6D27EF2D180004D4AD /* AppDelegate.swift in Sources */ = {isa = PBXBuildFile; fileRef = 936DFD6C27EF2D180004D4AD /* AppDelegate.swift */; };
		936DFD6F27EF2D180004D4AD /* SceneDelegate.swift in Sources */ = {isa = PBXBuildFile; fileRef = 936DFD6E27EF2D180004D4AD /* SceneDelegate.swift */; };
		936DFD7127EF2D180004D4AD /* MainTabBarViewController.swift in Sources */ = {isa = PBXBuildFile; fileRef = 936DFD7027EF2D180004D4AD /* MainTabBarViewController.swift */; };
		936DFD7627EF2D1C0004D4AD /* Assets.xcassets in Resources */ = {isa = PBXBuildFile; fileRef = 936DFD7527EF2D1C0004D4AD /* Assets.xcassets */; };
		936DFD7927EF2D1C0004D4AD /* LaunchScreen.storyboard in Resources */ = {isa = PBXBuildFile; fileRef = 936DFD7727EF2D1C0004D4AD /* LaunchScreen.storyboard */; };
		936DFD8227EF322D0004D4AD /* HomeViewController.swift in Sources */ = {isa = PBXBuildFile; fileRef = 936DFD8127EF322D0004D4AD /* HomeViewController.swift */; };
		936DFD8427EF32C30004D4AD /* UpcomingViewController.swift in Sources */ = {isa = PBXBuildFile; fileRef = 936DFD8327EF32C30004D4AD /* UpcomingViewController.swift */; };
		936DFD8627EF32F00004D4AD /* SearchViewController.swift in Sources */ = {isa = PBXBuildFile; fileRef = 936DFD8527EF32F00004D4AD /* SearchViewController.swift */; };
		936DFD8827EF33280004D4AD /* DownloadsViewController.swift in Sources */ = {isa = PBXBuildFile; fileRef = 936DFD8727EF33280004D4AD /* DownloadsViewController.swift */; };
		936DFD8F27EF41CC0004D4AD /* CollectionViewTableViewCell.swift in Sources */ = {isa = PBXBuildFile; fileRef = 936DFD8E27EF41CC0004D4AD /* CollectionViewTableViewCell.swift */; };
		936DFD9127EF75BC0004D4AD /* HeroHeaderUiView.swift in Sources */ = {isa = PBXBuildFile; fileRef = 936DFD9027EF75BC0004D4AD /* HeroHeaderUiView.swift */; };
		936DFD9327F04CDC0004D4AD /* APICaller.swift in Sources */ = {isa = PBXBuildFile; fileRef = 936DFD9227F04CDC0004D4AD /* APICaller.swift */; };
		936DFD9527F08FD50004D4AD /* Title.swift in Sources */ = {isa = PBXBuildFile; fileRef = 936DFD9427F08FD50004D4AD /* Title.swift */; };
		936DFD9727F09E290004D4AD /* Extensions.swift in Sources */ = {isa = PBXBuildFile; fileRef = 936DFD9627F09E290004D4AD /* Extensions.swift */; };
		936DFD9B27F176E10004D4AD /* TitleCollectionViewCell.swift in Sources */ = {isa = PBXBuildFile; fileRef = 936DFD9A27F176E10004D4AD /* TitleCollectionViewCell.swift */; };
		936DFD9E27F17B2E0004D4AD /* SDWebImage in Frameworks */ = {isa = PBXBuildFile; productRef = 936DFD9D27F17B2E0004D4AD /* SDWebImage */; };
		936DFDA027F17B2E0004D4AD /* SDWebImageMapKit in Frameworks */ = {isa = PBXBuildFile; productRef = 936DFD9F27F17B2E0004D4AD /* SDWebImageMapKit */; };
		936DFDA227F19A630004D4AD /* TitleTableViewCell.swift in Sources */ = {isa = PBXBuildFile; fileRef = 936DFDA127F19A630004D4AD /* TitleTableViewCell.swift */; };
		936DFDA427F1AA950004D4AD /* titleViewModel.swift in Sources */ = {isa = PBXBuildFile; fileRef = 936DFDA327F1AA950004D4AD /* titleViewModel.swift */; };
		936DFDA627F1C4D10004D4AD /* SearchResultsViewController.swift in Sources */ = {isa = PBXBuildFile; fileRef = 936DFDA527F1C4D10004D4AD /* SearchResultsViewController.swift */; };
		936DFDAA27F2C8FE0004D4AD /* YoutubeSearchResponse.swift in Sources */ = {isa = PBXBuildFile; fileRef = 936DFDA927F2C8FE0004D4AD /* YoutubeSearchResponse.swift */; };
		936DFDAC27F2D3AF0004D4AD /* TitlePreviewViewController.swift in Sources */ = {isa = PBXBuildFile; fileRef = 936DFDAB27F2D3AF0004D4AD /* TitlePreviewViewController.swift */; };
		936DFDAE27F2DB030004D4AD /* TitlePreviewViewModel.swift in Sources */ = {isa = PBXBuildFile; fileRef = 936DFDAD27F2DB030004D4AD /* TitlePreviewViewModel.swift */; };
		936DFDB127F330B90004D4AD /* NetflixCloneModel.xcdatamodeld in Sources */ = {isa = PBXBuildFile; fileRef = 936DFDAF27F330B90004D4AD /* NetflixCloneModel.xcdatamodeld */; };
		93C46E0427F3353F002D3ADE /* DataPersistenceManager.swift in Sources */ = {isa = PBXBuildFile; fileRef = 93C46E0327F3353F002D3ADE /* DataPersistenceManager.swift */; };
/* End PBXBuildFile section */

/* Begin PBXFileReference section */
		936DFD6927EF2D180004D4AD /* Netflix Clone.app */ = {isa = PBXFileReference; explicitFileType = wrapper.application; includeInIndex = 0; path = "Netflix Clone.app"; sourceTree = BUILT_PRODUCTS_DIR; };
		936DFD6C27EF2D180004D4AD /* AppDelegate.swift */ = {isa = PBXFileReference; lastKnownFileType = sourcecode.swift; path = AppDelegate.swift; sourceTree = "<group>"; };
		936DFD6E27EF2D180004D4AD /* SceneDelegate.swift */ = {isa = PBXFileReference; lastKnownFileType = sourcecode.swift; path = SceneDelegate.swift; sourceTree = "<group>"; };
		936DFD7027EF2D180004D4AD /* MainTabBarViewController.swift */ = {isa = PBXFileReference; lastKnownFileType = sourcecode.swift; path = MainTabBarViewController.swift; sourceTree = "<group>"; };
		936DFD7527EF2D1C0004D4AD /* Assets.xcassets */ = {isa = PBXFileReference; lastKnownFileType = folder.assetcatalog; path = Assets.xcassets; sourceTree = "<group>"; };
		936DFD7827EF2D1C0004D4AD /* Base */ = {isa = PBXFileReference; lastKnownFileType = file.storyboard; name = Base; path = Base.lproj/LaunchScreen.storyboard; sourceTree = "<group>"; };
		936DFD7A27EF2D1C0004D4AD /* Info.plist */ = {isa = PBXFileReference; lastKnownFileType = text.plist.xml; path = Info.plist; sourceTree = "<group>"; };
		936DFD8127EF322D0004D4AD /* HomeViewController.swift */ = {isa = PBXFileReference; lastKnownFileType = sourcecode.swift; path = HomeViewController.swift; sourceTree = "<group>"; };
		936DFD8327EF32C30004D4AD /* UpcomingViewController.swift */ = {isa = PBXFileReference; lastKnownFileType = sourcecode.swift; path = UpcomingViewController.swift; sourceTree = "<group>"; };
		936DFD8527EF32F00004D4AD /* SearchViewController.swift */ = {isa = PBXFileReference; lastKnownFileType = sourcecode.swift; path = SearchViewController.swift; sourceTree = "<group>"; };
		936DFD8727EF33280004D4AD /* DownloadsViewController.swift */ = {isa = PBXFileReference; lastKnownFileType = sourcecode.swift; path = DownloadsViewController.swift; sourceTree = "<group>"; };
		936DFD8E27EF41CC0004D4AD /* CollectionViewTableViewCell.swift */ = {isa = PBXFileReference; lastKnownFileType = sourcecode.swift; path = CollectionViewTableViewCell.swift; sourceTree = "<group>"; };
		936DFD9027EF75BC0004D4AD /* HeroHeaderUiView.swift */ = {isa = PBXFileReference; lastKnownFileType = sourcecode.swift; path = HeroHeaderUiView.swift; sourceTree = "<group>"; };
		936DFD9227F04CDC0004D4AD /* APICaller.swift */ = {isa = PBXFileReference; lastKnownFileType = sourcecode.swift; path = APICaller.swift; sourceTree = "<group>"; };
		936DFD9427F08FD50004D4AD /* Title.swift */ = {isa = PBXFileReference; lastKnownFileType = sourcecode.swift; path = Title.swift; sourceTree = "<group>"; };
		936DFD9627F09E290004D4AD /* Extensions.swift */ = {isa = PBXFileReference; lastKnownFileType = sourcecode.swift; path = Extensions.swift; sourceTree = "<group>"; };
		936DFD9A27F176E10004D4AD /* TitleCollectionViewCell.swift */ = {isa = PBXFileReference; lastKnownFileType = sourcecode.swift; path = TitleCollectionViewCell.swift; sourceTree = "<group>"; };
		936DFDA127F19A630004D4AD /* TitleTableViewCell.swift */ = {isa = PBXFileReference; lastKnownFileType = sourcecode.swift; path = TitleTableViewCell.swift; sourceTree = "<group>"; };
		936DFDA327F1AA950004D4AD /* titleViewModel.swift */ = {isa = PBXFileReference; lastKnownFileType = sourcecode.swift; path = titleViewModel.swift; sourceTree = "<group>"; };
		936DFDA527F1C4D10004D4AD /* SearchResultsViewController.swift */ = {isa = PBXFileReference; lastKnownFileType = sourcecode.swift; path = SearchResultsViewController.swift; sourceTree = "<group>"; };
		936DFDA927F2C8FE0004D4AD /* YoutubeSearchResponse.swift */ = {isa = PBXFileReference; lastKnownFileType = sourcecode.swift; path = YoutubeSearchResponse.swift; sourceTree = "<group>"; };
		936DFDAB27F2D3AF0004D4AD /* TitlePreviewViewController.swift */ = {isa = PBXFileReference; lastKnownFileType = sourcecode.swift; name = TitlePreviewViewController.swift; path = "Netflix Clone/Controllers/General/TitlePreviewViewController.swift"; sourceTree = SOURCE_ROOT; };
		936DFDAD27F2DB030004D4AD /* TitlePreviewViewModel.swift */ = {isa = PBXFileReference; lastKnownFileType = sourcecode.swift; path = TitlePreviewViewModel.swift; sourceTree = "<group>"; };
		936DFDB027F330B90004D4AD /* NetflixCloneModel.xcdatamodel */ = {isa = PBXFileReference; lastKnownFileType = wrapper.xcdatamodel; path = NetflixCloneModel.xcdatamodel; sourceTree = "<group>"; };
		93C46E0327F3353F002D3ADE /* DataPersistenceManager.swift */ = {isa = PBXFileReference; lastKnownFileType = sourcecode.swift; path = DataPersistenceManager.swift; sourceTree = "<group>"; };
/* End PBXFileReference section */

/* Begin PBXFrameworksBuildPhase section */
		936DFD6627EF2D180004D4AD /* Frameworks */ = {
			isa = PBXFrameworksBuildPhase;
			buildActionMask = 2147483647;
			files = (
				936DFDA027F17B2E0004D4AD /* SDWebImageMapKit in Frameworks */,
				936DFD9E27F17B2E0004D4AD /* SDWebImage in Frameworks */,
			);
			runOnlyForDeploymentPostprocessing = 0;
		};
/* End PBXFrameworksBuildPhase section */

/* Begin PBXGroup section */
		936DFD6027EF2D180004D4AD = {
			isa = PBXGroup;
			children = (
				936DFD6B27EF2D180004D4AD /* Netflix Clone */,
				936DFD6A27EF2D180004D4AD /* Products */,
			);
			sourceTree = "<group>";
		};
		936DFD6A27EF2D180004D4AD /* Products */ = {
			isa = PBXGroup;
			children = (
				936DFD6927EF2D180004D4AD /* Netflix Clone.app */,
			);
			name = Products;
			sourceTree = "<group>";
		};
		936DFD6B27EF2D180004D4AD /* Netflix Clone */ = {
			isa = PBXGroup;
			children = (
				936DFD8D27EF41290004D4AD /* Managers */,
				936DFD8C27EF41160004D4AD /* Resources */,
				936DFD8927EF40A40004D4AD /* Models */,
				936DFD8A27EF40BA0004D4AD /* Views */,
				936DFD8B27EF40C90004D4AD /* ViewModels */,
				936DFD8027EF317E0004D4AD /* Controllers */,
				936DFD6C27EF2D180004D4AD /* AppDelegate.swift */,
				936DFD6E27EF2D180004D4AD /* SceneDelegate.swift */,
				936DFD7527EF2D1C0004D4AD /* Assets.xcassets */,
				936DFD7727EF2D1C0004D4AD /* LaunchScreen.storyboard */,
				936DFD7A27EF2D1C0004D4AD /* Info.plist */,
				936DFDAF27F330B90004D4AD /* NetflixCloneModel.xcdatamodeld */,
			);
			path = "Netflix Clone";
			sourceTree = "<group>";
		};
		936DFD8027EF317E0004D4AD /* Controllers */ = {
			isa = PBXGroup;
			children = (
				936DFDA827F1C60C0004D4AD /* General */,
				936DFDA727F1C6010004D4AD /* Core */,
			);
			path = Controllers;
			sourceTree = "<group>";
		};
		936DFD8927EF40A40004D4AD /* Models */ = {
			isa = PBXGroup;
			children = (
				936DFD9427F08FD50004D4AD /* Title.swift */,
				936DFDA927F2C8FE0004D4AD /* YoutubeSearchResponse.swift */,
			);
			path = Models;
			sourceTree = "<group>";
		};
		936DFD8A27EF40BA0004D4AD /* Views */ = {
			isa = PBXGroup;
			children = (
				936DFD8E27EF41CC0004D4AD /* CollectionViewTableViewCell.swift */,
				936DFD9027EF75BC0004D4AD /* HeroHeaderUiView.swift */,
				936DFD9A27F176E10004D4AD /* TitleCollectionViewCell.swift */,
				936DFDA127F19A630004D4AD /* TitleTableViewCell.swift */,
			);
			path = Views;
			sourceTree = "<group>";
		};
		936DFD8B27EF40C90004D4AD /* ViewModels */ = {
			isa = PBXGroup;
			children = (
				936DFDA327F1AA950004D4AD /* titleViewModel.swift */,
				936DFDAD27F2DB030004D4AD /* TitlePreviewViewModel.swift */,
			);
			path = ViewModels;
			sourceTree = "<group>";
		};
		936DFD8C27EF41160004D4AD /* Resources */ = {
			isa = PBXGroup;
			children = (
				936DFD9627F09E290004D4AD /* Extensions.swift */,
			);
			path = Resources;
			sourceTree = "<group>";
		};
		936DFD8D27EF41290004D4AD /* Managers */ = {
			isa = PBXGroup;
			children = (
				936DFD9227F04CDC0004D4AD /* APICaller.swift */,
				93C46E0327F3353F002D3ADE /* DataPersistenceManager.swift */,
			);
			path = Managers;
			sourceTree = "<group>";
		};
		936DFDA727F1C6010004D4AD /* Core */ = {
			isa = PBXGroup;
			children = (
				936DFD8127EF322D0004D4AD /* HomeViewController.swift */,
				936DFD8327EF32C30004D4AD /* UpcomingViewController.swift */,
				936DFD8527EF32F00004D4AD /* SearchViewController.swift */,
				936DFD8727EF33280004D4AD /* DownloadsViewController.swift */,
				936DFD7027EF2D180004D4AD /* MainTabBarViewController.swift */,
			);
			path = Core;
			sourceTree = "<group>";
		};
		936DFDA827F1C60C0004D4AD /* General */ = {
			isa = PBXGroup;
			children = (
				936DFDA527F1C4D10004D4AD /* SearchResultsViewController.swift */,
				936DFDAB27F2D3AF0004D4AD /* TitlePreviewViewController.swift */,
			);
			path = General;
			sourceTree = "<group>";
		};
/* End PBXGroup section */

/* Begin PBXNativeTarget section */
		936DFD6827EF2D180004D4AD /* Netflix Clone */ = {
			isa = PBXNativeTarget;
			buildConfigurationList = 936DFD7D27EF2D1C0004D4AD /* Build configuration list for PBXNativeTarget "Netflix Clone" */;
			buildPhases = (
				936DFD6527EF2D180004D4AD /* Sources */,
				936DFD6627EF2D180004D4AD /* Frameworks */,
				936DFD6727EF2D180004D4AD /* Resources */,
			);
			buildRules = (
			);
			dependencies = (
			);
			name = "Netflix Clone";
			packageProductDependencies = (
				936DFD9D27F17B2E0004D4AD /* SDWebImage */,
				936DFD9F27F17B2E0004D4AD /* SDWebImageMapKit */,
			);
			productName = "Netflix Clone";
			productReference = 936DFD6927EF2D180004D4AD /* Netflix Clone.app */;
			productType = "com.apple.product-type.application";
		};
/* End PBXNativeTarget section */

/* Begin PBXProject section */
		936DFD6127EF2D180004D4AD /* Project object */ = {
			isa = PBXProject;
			attributes = {
				BuildIndependentTargetsInParallel = 1;
				LastSwiftUpdateCheck = 1320;
				LastUpgradeCheck = 1320;
				TargetAttributes = {
					936DFD6827EF2D180004D4AD = {
						CreatedOnToolsVersion = 13.2.1;
					};
				};
			};
			buildConfigurationList = 936DFD6427EF2D180004D4AD /* Build configuration list for PBXProject "Netflix Clone" */;
			compatibilityVersion = "Xcode 13.0";
			developmentRegion = en;
			hasScannedForEncodings = 0;
			knownRegions = (
				en,
				Base,
			);
			mainGroup = 936DFD6027EF2D180004D4AD;
			packageReferences = (
				936DFD9C27F17B2E0004D4AD /* XCRemoteSwiftPackageReference "SDWebImage" */,
			);
			productRefGroup = 936DFD6A27EF2D180004D4AD /* Products */;
			projectDirPath = "";
			projectRoot = "";
			targets = (
				936DFD6827EF2D180004D4AD /* Netflix Clone */,
			);
		};
/* End PBXProject section */

/* Begin PBXResourcesBuildPhase section */
		936DFD6727EF2D180004D4AD /* Resources */ = {
			isa = PBXResourcesBuildPhase;
			buildActionMask = 2147483647;
			files = (
				936DFD7927EF2D1C0004D4AD /* LaunchScreen.storyboard in Resources */,
				936DFD7627EF2D1C0004D4AD /* Assets.xcassets in Resources */,
			);
			runOnlyForDeploymentPostprocessing = 0;
		};
/* End PBXResourcesBuildPhase section */

/* Begin PBXSourcesBuildPhase section */
		936DFD6527EF2D180004D4AD /* Sources */ = {
			isa = PBXSourcesBuildPhase;
			buildActionMask = 2147483647;
			files = (
				936DFDA227F19A630004D4AD /* TitleTableViewCell.swift in Sources */,
				936DFD8627EF32F00004D4AD /* SearchViewController.swift in Sources */,
				936DFD9B27F176E10004D4AD /* TitleCollectionViewCell.swift in Sources */,
				93C46E0427F3353F002D3ADE /* DataPersistenceManager.swift in Sources */,
				936DFD7127EF2D180004D4AD /* MainTabBarViewController.swift in Sources */,
				936DFD8F27EF41CC0004D4AD /* CollectionViewTableViewCell.swift in Sources */,
				936DFD9327F04CDC0004D4AD /* APICaller.swift in Sources */,
				936DFDB127F330B90004D4AD /* NetflixCloneModel.xcdatamodeld in Sources */,
				936DFD8827EF33280004D4AD /* DownloadsViewController.swift in Sources */,
				936DFD6D27EF2D180004D4AD /* AppDelegate.swift in Sources */,
				936DFD9127EF75BC0004D4AD /* HeroHeaderUiView.swift in Sources */,
				936DFDA627F1C4D10004D4AD /* SearchResultsViewController.swift in Sources */,
				936DFD9727F09E290004D4AD /* Extensions.swift in Sources */,
				936DFDAA27F2C8FE0004D4AD /* YoutubeSearchResponse.swift in Sources */,
				936DFD6F27EF2D180004D4AD /* SceneDelegate.swift in Sources */,
				936DFDAE27F2DB030004D4AD /* TitlePreviewViewModel.swift in Sources */,
				936DFD8427EF32C30004D4AD /* UpcomingViewController.swift in Sources */,
				936DFDAC27F2D3AF0004D4AD /* TitlePreviewViewController.swift in Sources */,
				936DFD9527F08FD50004D4AD /* Title.swift in Sources */,
				936DFD8227EF322D0004D4AD /* HomeViewController.swift in Sources */,
				936DFDA427F1AA950004D4AD /* titleViewModel.swift in Sources */,
			);
			runOnlyForDeploymentPostprocessing = 0;
		};
/* End PBXSourcesBuildPhase section */

/* Begin PBXVariantGroup section */
		936DFD7727EF2D1C0004D4AD /* LaunchScreen.storyboard */ = {
			isa = PBXVariantGroup;
			children = (
				936DFD7827EF2D1C0004D4AD /* Base */,
			);
			name = LaunchScreen.storyboard;
			sourceTree = "<group>";
		};
/* End PBXVariantGroup section */

/* Begin XCBuildConfiguration section */
		936DFD7B27EF2D1C0004D4AD /* Debug */ = {
			isa = XCBuildConfiguration;
			buildSettings = {
				ALWAYS_SEARCH_USER_PATHS = NO;
				CLANG_ANALYZER_NONNULL = YES;
				CLANG_ANALYZER_NUMBER_OBJECT_CONVERSION = YES_AGGRESSIVE;
				CLANG_CXX_LANGUAGE_STANDARD = "gnu++17";
				CLANG_CXX_LIBRARY = "libc++";
				CLANG_ENABLE_MODULES = YES;
				CLANG_ENABLE_OBJC_ARC = YES;
				CLANG_ENABLE_OBJC_WEAK = YES;
				CLANG_WARN_BLOCK_CAPTURE_AUTORELEASING = YES;
				CLANG_WARN_BOOL_CONVERSION = YES;
				CLANG_WARN_COMMA = YES;
				CLANG_WARN_CONSTANT_CONVERSION = YES;
				CLANG_WARN_DEPRECATED_OBJC_IMPLEMENTATIONS = YES;
				CLANG_WARN_DIRECT_OBJC_ISA_USAGE = YES_ERROR;
				CLANG_WARN_DOCUMENTATION_COMMENTS = YES;
				CLANG_WARN_EMPTY_BODY = YES;
				CLANG_WARN_ENUM_CONVERSION = YES;
				CLANG_WARN_INFINITE_RECURSION = YES;
				CLANG_WARN_INT_CONVERSION = YES;
				CLANG_WARN_NON_LITERAL_NULL_CONVERSION = YES;
				CLANG_WARN_OBJC_IMPLICIT_RETAIN_SELF = YES;
				CLANG_WARN_OBJC_LITERAL_CONVERSION = YES;
				CLANG_WARN_OBJC_ROOT_CLASS = YES_ERROR;
				CLANG_WARN_QUOTED_INCLUDE_IN_FRAMEWORK_HEADER = YES;
				CLANG_WARN_RANGE_LOOP_ANALYSIS = YES;
				CLANG_WARN_STRICT_PROTOTYPES = YES;
				CLANG_WARN_SUSPICIOUS_MOVE = YES;
				CLANG_WARN_UNGUARDED_AVAILABILITY = YES_AGGRESSIVE;
				CLANG_WARN_UNREACHABLE_CODE = YES;
				CLANG_WARN__DUPLICATE_METHOD_MATCH = YES;
				COPY_PHASE_STRIP = NO;
				DEBUG_INFORMATION_FORMAT = dwarf;
				ENABLE_STRICT_OBJC_MSGSEND = YES;
				ENABLE_TESTABILITY = YES;
				GCC_C_LANGUAGE_STANDARD = gnu11;
				GCC_DYNAMIC_NO_PIC = NO;
				GCC_NO_COMMON_BLOCKS = YES;
				GCC_OPTIMIZATION_LEVEL = 0;
				GCC_PREPROCESSOR_DEFINITIONS = (
					"DEBUG=1",
					"$(inherited)",
				);
				GCC_WARN_64_TO_32_BIT_CONVERSION = YES;
				GCC_WARN_ABOUT_RETURN_TYPE = YES_ERROR;
				GCC_WARN_UNDECLARED_SELECTOR = YES;
				GCC_WARN_UNINITIALIZED_AUTOS = YES_AGGRESSIVE;
				GCC_WARN_UNUSED_FUNCTION = YES;
				GCC_WARN_UNUSED_VARIABLE = YES;
				IPHONEOS_DEPLOYMENT_TARGET = 15.2;
				MTL_ENABLE_DEBUG_INFO = INCLUDE_SOURCE;
				MTL_FAST_MATH = YES;
				ONLY_ACTIVE_ARCH = YES;
				SDKROOT = iphoneos;
				SWIFT_ACTIVE_COMPILATION_CONDITIONS = DEBUG;
				SWIFT_OPTIMIZATION_LEVEL = "-Onone";
			};
			name = Debug;
		};
		936DFD7C27EF2D1C0004D4AD /* Release */ = {
			isa = XCBuildConfiguration;
			buildSettings = {
				ALWAYS_SEARCH_USER_PATHS = NO;
				CLANG_ANALYZER_NONNULL = YES;
				CLANG_ANALYZER_NUMBER_OBJECT_CONVERSION = YES_AGGRESSIVE;
				CLANG_CXX_LANGUAGE_STANDARD = "gnu++17";
				CLANG_CXX_LIBRARY = "libc++";
				CLANG_ENABLE_MODULES = YES;
				CLANG_ENABLE_OBJC_ARC = YES;
				CLANG_ENABLE_OBJC_WEAK = YES;
				CLANG_WARN_BLOCK_CAPTURE_AUTORELEASING = YES;
				CLANG_WARN_BOOL_CONVERSION = YES;
				CLANG_WARN_COMMA = YES;
				CLANG_WARN_CONSTANT_CONVERSION = YES;
				CLANG_WARN_DEPRECATED_OBJC_IMPLEMENTATIONS = YES;
				CLANG_WARN_DIRECT_OBJC_ISA_USAGE = YES_ERROR;
				CLANG_WARN_DOCUMENTATION_COMMENTS = YES;
				CLANG_WARN_EMPTY_BODY = YES;
				CLANG_WARN_ENUM_CONVERSION = YES;
				CLANG_WARN_INFINITE_RECURSION = YES;
				CLANG_WARN_INT_CONVERSION = YES;
				CLANG_WARN_NON_LITERAL_NULL_CONVERSION = YES;
				CLANG_WARN_OBJC_IMPLICIT_RETAIN_SELF = YES;
				CLANG_WARN_OBJC_LITERAL_CONVERSION = YES;
				CLANG_WARN_OBJC_ROOT_CLASS = YES_ERROR;
				CLANG_WARN_QUOTED_INCLUDE_IN_FRAMEWORK_HEADER = YES;
				CLANG_WARN_RANGE_LOOP_ANALYSIS = YES;
				CLANG_WARN_STRICT_PROTOTYPES = YES;
				CLANG_WARN_SUSPICIOUS_MOVE = YES;
				CLANG_WARN_UNGUARDED_AVAILABILITY = YES_AGGRESSIVE;
				CLANG_WARN_UNREACHABLE_CODE = YES;
				CLANG_WARN__DUPLICATE_METHOD_MATCH = YES;
				COPY_PHASE_STRIP = NO;
				DEBUG_INFORMATION_FORMAT = "dwarf-with-dsym";
				ENABLE_NS_ASSERTIONS = NO;
				ENABLE_STRICT_OBJC_MSGSEND = YES;
				GCC_C_LANGUAGE_STANDARD = gnu11;
				GCC_NO_COMMON_BLOCKS = YES;
				GCC_WARN_64_TO_32_BIT_CONVERSION = YES;
				GCC_WARN_ABOUT_RETURN_TYPE = YES_ERROR;
				GCC_WARN_UNDECLARED_SELECTOR = YES;
				GCC_WARN_UNINITIALIZED_AUTOS = YES_AGGRESSIVE;
				GCC_WARN_UNUSED_FUNCTION = YES;
				GCC_WARN_UNUSED_VARIABLE = YES;
				IPHONEOS_DEPLOYMENT_TARGET = 15.2;
				MTL_ENABLE_DEBUG_INFO = NO;
				MTL_FAST_MATH = YES;
				SDKROOT = iphoneos;
				SWIFT_COMPILATION_MODE = wholemodule;
				SWIFT_OPTIMIZATION_LEVEL = "-O";
				VALIDATE_PRODUCT = YES;
			};
			name = Release;
		};
		936DFD7E27EF2D1C0004D4AD /* Debug */ = {
			isa = XCBuildConfiguration;
			buildSettings = {
				ASSETCATALOG_COMPILER_APPICON_NAME = AppIcon;
				ASSETCATALOG_COMPILER_GLOBAL_ACCENT_COLOR_NAME = AccentColor;
				CODE_SIGN_STYLE = Automatic;
				CURRENT_PROJECT_VERSION = 1;
				DEVELOPMENT_TEAM = 6MYXR44Y74;
				GENERATE_INFOPLIST_FILE = YES;
				INFOPLIST_FILE = "Netflix Clone/Info.plist";
				INFOPLIST_KEY_UIApplicationSupportsIndirectInputEvents = YES;
				INFOPLIST_KEY_UILaunchStoryboardName = LaunchScreen;
				INFOPLIST_KEY_UISupportedInterfaceOrientations_iPad = "UIInterfaceOrientationPortrait UIInterfaceOrientationPortraitUpsideDown UIInterfaceOrientationLandscapeLeft UIInterfaceOrientationLandscapeRight";
				INFOPLIST_KEY_UISupportedInterfaceOrientations_iPhone = "UIInterfaceOrientationPortrait UIInterfaceOrientationLandscapeLeft UIInterfaceOrientationLandscapeRight";
				LD_RUNPATH_SEARCH_PATHS = (
					"$(inherited)",
					"@executable_path/Frameworks",
				);
				MARKETING_VERSION = 1.0;
				PRODUCT_BUNDLE_IDENTIFIER = "com.mananrastogi.Netflix-Clone";
				PRODUCT_NAME = "$(TARGET_NAME)";
				SWIFT_EMIT_LOC_STRINGS = YES;
				SWIFT_VERSION = 5.0;
				TARGETED_DEVICE_FAMILY = "1,2";
			};
			name = Debug;
		};
		936DFD7F27EF2D1C0004D4AD /* Release */ = {
			isa = XCBuildConfiguration;
			buildSettings = {
				ASSETCATALOG_COMPILER_APPICON_NAME = AppIcon;
				ASSETCATALOG_COMPILER_GLOBAL_ACCENT_COLOR_NAME = AccentColor;
				CODE_SIGN_STYLE = Automatic;
				CURRENT_PROJECT_VERSION = 1;
				DEVELOPMENT_TEAM = 6MYXR44Y74;
				GENERATE_INFOPLIST_FILE = YES;
				INFOPLIST_FILE = "Netflix Clone/Info.plist";
				INFOPLIST_KEY_UIApplicationSupportsIndirectInputEvents = YES;
				INFOPLIST_KEY_UILaunchStoryboardName = LaunchScreen;
				INFOPLIST_KEY_UISupportedInterfaceOrientations_iPad = "UIInterfaceOrientationPortrait UIInterfaceOrientationPortraitUpsideDown UIInterfaceOrientationLandscapeLeft UIInterfaceOrientationLandscapeRight";
				INFOPLIST_KEY_UISupportedInterfaceOrientations_iPhone = "UIInterfaceOrientationPortrait UIInterfaceOrientationLandscapeLeft UIInterfaceOrientationLandscapeRight";
				LD_RUNPATH_SEARCH_PATHS = (
					"$(inherited)",
					"@executable_path/Frameworks",
				);
				MARKETING_VERSION = 1.0;
				PRODUCT_BUNDLE_IDENTIFIER = "com.mananrastogi.Netflix-Clone";
				PRODUCT_NAME = "$(TARGET_NAME)";
				SWIFT_EMIT_LOC_STRINGS = YES;
				SWIFT_VERSION = 5.0;
				TARGETED_DEVICE_FAMILY = "1,2";
			};
			name = Release;
		};
/* End XCBuildConfiguration section */

/* Begin XCConfigurationList section */
		936DFD6427EF2D180004D4AD /* Build configuration list for PBXProject "Netflix Clone" */ = {
			isa = XCConfigurationList;
			buildConfigurations = (
				936DFD7B27EF2D1C0004D4AD /* Debug */,
				936DFD7C27EF2D1C0004D4AD /* Release */,
			);
			defaultConfigurationIsVisible = 0;
			defaultConfigurationName = Release;
		};
		936DFD7D27EF2D1C0004D4AD /* Build configuration list for PBXNativeTarget "Netflix Clone" */ = {
			isa = XCConfigurationList;
			buildConfigurations = (
				936DFD7E27EF2D1C0004D4AD /* Debug */,
				936DFD7F27EF2D1C0004D4AD /* Release */,
			);
			defaultConfigurationIsVisible = 0;
			defaultConfigurationName = Release;
		};
/* End XCConfigurationList section */

/* Begin XCRemoteSwiftPackageReference section */
		936DFD9C27F17B2E0004D4AD /* XCRemoteSwiftPackageReference "SDWebImage" */ = {
			isa = XCRemoteSwiftPackageReference;
			repositoryURL = "https://github.com/SDWebImage/SDWebImage.git";
			requirement = {
				kind = upToNextMajorVersion;
				minimumVersion = 5.0.0;
			};
		};
/* End XCRemoteSwiftPackageReference section */

/* Begin XCSwiftPackageProductDependency section */
		936DFD9D27F17B2E0004D4AD /* SDWebImage */ = {
			isa = XCSwiftPackageProductDependency;
			package = 936DFD9C27F17B2E0004D4AD /* XCRemoteSwiftPackageReference "SDWebImage" */;
			productName = SDWebImage;
		};
		936DFD9F27F17B2E0004D4AD /* SDWebImageMapKit */ = {
			isa = XCSwiftPackageProductDependency;
			package = 936DFD9C27F17B2E0004D4AD /* XCRemoteSwiftPackageReference "SDWebImage" */;
			productName = SDWebImageMapKit;
		};
/* End XCSwiftPackageProductDependency section */

/* Begin XCVersionGroup section */
		936DFDAF27F330B90004D4AD /* NetflixCloneModel.xcdatamodeld */ = {
			isa = XCVersionGroup;
			children = (
				936DFDB027F330B90004D4AD /* NetflixCloneModel.xcdatamodel */,
			);
			currentVersion = 936DFDB027F330B90004D4AD /* NetflixCloneModel.xcdatamodel */;
			path = NetflixCloneModel.xcdatamodeld;
			sourceTree = "<group>";
			versionGroupType = wrapper.xcdatamodel;
		};
/* End XCVersionGroup section */
	};
	rootObject = 936DFD6127EF2D180004D4AD /* Project object */;
}
